
Microsoft Visual Studio Solution File, Format Version 12.00
# Visual Studio Version 16
VisualStudioVersion = 16.0.31129.286
MinimumVisualStudioVersion = 10.0.40219.1
Project("{9A19103F-16F7-4668-BE54-9A1E7A4F7556}") = "Modern.Vice.PdbMonitor", "Modern.Vice.PdbMonitor\Modern.Vice.PdbMonitor.csproj", "{93BE0838-5D01-41A4-8166-8BB8A685FD8A}"
EndProject
Project("{9A19103F-16F7-4668-BE54-9A1E7A4F7556}") = "Modern.Vice.PdbMonitor.Engine.Test", "Test\Modern.Vice.PdbMonitor.Utils.Test\Modern.Vice.PdbMonitor.Engine.Test.csproj", "{261DEC40-D65B-4C28-99EA-56D2DF133FBA}"
EndProject
Project("{2150E333-8FDC-42A3-9474-1A3956D46DE8}") = "Test", "Test", "{CB9786A7-6B63-4434-A234-BC93974D7B34}"
EndProject
Project("{9A19103F-16F7-4668-BE54-9A1E7A4F7556}") = "Modern.Vice.PdbMonitor.Core", "Modern.Vice.PdbMonitor.Core\Modern.Vice.PdbMonitor.Core.csproj", "{7A8FE734-BCE2-4610-A663-0DFE2C889953}"
EndProject
Project("{9A19103F-16F7-4668-BE54-9A1E7A4F7556}") = "Modern.Vice.PdbMonitor.Engine", "Modern.Vice.PdbMonitor.Engine\Modern.Vice.PdbMonitor.Engine.csproj", "{E59150F4-7D9C-43A9-9DA0-FC1AE65C75DA}"
EndProject
Project("{2150E333-8FDC-42A3-9474-1A3956D46DE8}") = "Solution Items", "Solution Items", "{AA13D2EF-AA14-4F6D-B47E-16E933E8B700}"
	ProjectSection(SolutionItems) = preProject
		..\..\.gitignore = ..\..\.gitignore
	EndProjectSection
EndProject
Project("{FAE04EC0-301F-11D3-BF4B-00C04F79EFBC}") = "Modern.Vice.PdbMonitor.Core.Test", "Test\Modern.Vice.PdbMonitor.Core.Test\Modern.Vice.PdbMonitor.Core.Test.csproj", "{22782E2D-3FA7-47C5-9BC3-A7A971B28C4B}"
EndProject
Global
	GlobalSection(SolutionConfigurationPlatforms) = preSolution
		Debug|Any CPU = Debug|Any CPU
		Release|Any CPU = Release|Any CPU
	EndGlobalSection
	GlobalSection(ProjectConfigurationPlatforms) = postSolution
		{93BE0838-5D01-41A4-8166-8BB8A685FD8A}.Debug|Any CPU.ActiveCfg = Debug|Any CPU
		{93BE0838-5D01-41A4-8166-8BB8A685FD8A}.Debug|Any CPU.Build.0 = Debug|Any CPU
		{93BE0838-5D01-41A4-8166-8BB8A685FD8A}.Release|Any CPU.ActiveCfg = Release|Any CPU
		{93BE0838-5D01-41A4-8166-8BB8A685FD8A}.Release|Any CPU.Build.0 = Release|Any CPU
		{261DEC40-D65B-4C28-99EA-56D2DF133FBA}.Debug|Any CPU.ActiveCfg = Debug|Any CPU
		{261DEC40-D65B-4C28-99EA-56D2DF133FBA}.Debug|Any CPU.Build.0 = Debug|Any CPU
		{261DEC40-D65B-4C28-99EA-56D2DF133FBA}.Release|Any CPU.ActiveCfg = Release|Any CPU
		{261DEC40-D65B-4C28-99EA-56D2DF133FBA}.Release|Any CPU.Build.0 = Release|Any CPU
		{7A8FE734-BCE2-4610-A663-0DFE2C889953}.Debug|Any CPU.ActiveCfg = Debug|Any CPU
		{7A8FE734-BCE2-4610-A663-0DFE2C889953}.Debug|Any CPU.Build.0 = Debug|Any CPU
		{7A8FE734-BCE2-4610-A663-0DFE2C889953}.Release|Any CPU.ActiveCfg = Release|Any CPU
		{7A8FE734-BCE2-4610-A663-0DFE2C889953}.Release|Any CPU.Build.0 = Release|Any CPU
		{E59150F4-7D9C-43A9-9DA0-FC1AE65C75DA}.Debug|Any CPU.ActiveCfg = Debug|Any CPU
		{E59150F4-7D9C-43A9-9DA0-FC1AE65C75DA}.Debug|Any CPU.Build.0 = Debug|Any CPU
		{E59150F4-7D9C-43A9-9DA0-FC1AE65C75DA}.Release|Any CPU.ActiveCfg = Release|Any CPU
		{E59150F4-7D9C-43A9-9DA0-FC1AE65C75DA}.Release|Any CPU.Build.0 = Release|Any CPU
		{22782E2D-3FA7-47C5-9BC3-A7A971B28C4B}.Debug|Any CPU.ActiveCfg = Debug|Any CPU
		{22782E2D-3FA7-47C5-9BC3-A7A971B28C4B}.Debug|Any CPU.Build.0 = Debug|Any CPU
		{22782E2D-3FA7-47C5-9BC3-A7A971B28C4B}.Release|Any CPU.ActiveCfg = Release|Any CPU
		{22782E2D-3FA7-47C5-9BC3-A7A971B28C4B}.Release|Any CPU.Build.0 = Release|Any CPU
	EndGlobalSection
	GlobalSection(SolutionProperties) = preSolution
		HideSolutionNode = FALSE
	EndGlobalSection
	GlobalSection(NestedProjects) = preSolution
		{261DEC40-D65B-4C28-99EA-56D2DF133FBA} = {CB9786A7-6B63-4434-A234-BC93974D7B34}
		{22782E2D-3FA7-47C5-9BC3-A7A971B28C4B} = {CB9786A7-6B63-4434-A234-BC93974D7B34}
	EndGlobalSection
	GlobalSection(ExtensibilityGlobals) = postSolution
		SolutionGuid = {78BCB63E-7156-40A1-92FB-77484223EE10}
	EndGlobalSection
EndGlobal
