
Microsoft Visual Studio Solution File, Format Version 12.00
# Visual Studio Version 17
VisualStudioVersion = 17.2.32630.192
MinimumVisualStudioVersion = 10.0.40219.1
Project("{9A19103F-16F7-4668-BE54-9A1E7A4F7556}") = "Modern.Vice.PdbMonitor", "Modern.Vice.PdbMonitor\Modern.Vice.PdbMonitor.csproj", "{93BE0838-5D01-41A4-8166-8BB8A685FD8A}"
EndProject
Project("{9A19103F-16F7-4668-BE54-9A1E7A4F7556}") = "Modern.Vice.PdbMonitor.Engine.Test", "Test\Modern.Vice.PdbMonitor.Engine.Test\Modern.Vice.PdbMonitor.Engine.Test.csproj", "{261DEC40-D65B-4C28-99EA-56D2DF133FBA}"
EndProject
Project("{2150E333-8FDC-42A3-9474-1A3956D46DE8}") = "Test", "Test", "{CB9786A7-6B63-4434-A234-BC93974D7B34}"
EndProject
Project("{9A19103F-16F7-4668-BE54-9A1E7A4F7556}") = "Modern.Vice.PdbMonitor.Core", "Modern.Vice.PdbMonitor.Core\Modern.Vice.PdbMonitor.Core.csproj", "{7A8FE734-BCE2-4610-A663-0DFE2C889953}"
EndProject
Project("{9A19103F-16F7-4668-BE54-9A1E7A4F7556}") = "Modern.Vice.PdbMonitor.Engine", "Modern.Vice.PdbMonitor.Engine\Modern.Vice.PdbMonitor.Engine.csproj", "{E59150F4-7D9C-43A9-9DA0-FC1AE65C75DA}"
EndProject
Project("{2150E333-8FDC-42A3-9474-1A3956D46DE8}") = "Solution Items", "Solution Items", "{AA13D2EF-AA14-4F6D-B47E-16E933E8B700}"
	ProjectSection(SolutionItems) = preProject
		.editorconfig = .editorconfig
		..\..\.gitignore = ..\..\.gitignore
		3rd_party_libraries.md = 3rd_party_libraries.md
		Directory.Build.props = Directory.Build.props
		..\..\README.md = ..\..\README.md
	EndProjectSection
EndProject
Project("{9A19103F-16F7-4668-BE54-9A1E7A4F7556}") = "Modern.Vice.PdbMonitor.Core.Test", "Test\Modern.Vice.PdbMonitor.Core.Test\Modern.Vice.PdbMonitor.Core.Test.csproj", "{22782E2D-3FA7-47C5-9BC3-A7A971B28C4B}"
EndProject
Project("{9A19103F-16F7-4668-BE54-9A1E7A4F7556}") = "Modern.Vice.PdbMonitor.Test", "Test\Modern.Vice.PdbMonitor.Test\Modern.Vice.PdbMonitor.Test.csproj", "{ACF16C52-ACE0-471A-92A3-BDD188C9714D}"
EndProject
Project("{2150E333-8FDC-42A3-9474-1A3956D46DE8}") = "Compilers", "Compilers", "{FD4F88AD-9D2A-4E28-88EC-69F59FC6F3C8}"
EndProject
Project("{2150E333-8FDC-42A3-9474-1A3956D46DE8}") = "Compilers", "Compilers", "{C39F1B58-EAB5-40F4-B18C-71A952218C6A}"
EndProject
Project("{9A19103F-16F7-4668-BE54-9A1E7A4F7556}") = "Modern.Vice.PdbMonitor.Compilers.Acme", "Compilers\Modern.Vice.PdbMonitor.Compilers.Acme\Modern.Vice.PdbMonitor.Compilers.Acme.csproj", "{C7C0667F-4A72-4934-B149-607AF9E053CA}"
EndProject
Project("{9A19103F-16F7-4668-BE54-9A1E7A4F7556}") = "Modern.Vice.PdbMonitor.Compilers.Acme.Test", "Test\Compilers\Modern.Vice.PdbMonitor.Compilers.Acme.Test\Modern.Vice.PdbMonitor.Compilers.Acme.Test.csproj", "{D9CAEC29-BDC1-4175-A1A6-889770D3F19D}"
EndProject
Project("{9A19103F-16F7-4668-BE54-9A1E7A4F7556}") = "CC65.DebugDataParser", "Compilers\CC65.DebugDataParser\CC65.DebugDataParser.csproj", "{B56B3676-4074-4A8C-AB67-E28B1053A149}"
EndProject
Project("{9A19103F-16F7-4668-BE54-9A1E7A4F7556}") = "CC65.DebugDataParser.Test", "Test\Compilers\CC65.DebugDataParser.Test\CC65.DebugDataParser.Test.csproj", "{1984EA7B-4CE0-47F9-818F-DCD35797ED8B}"
EndProject
Project("{9A19103F-16F7-4668-BE54-9A1E7A4F7556}") = "Compiler.Oscar64", "Compilers\Compiler.Oscar64\Compiler.Oscar64.csproj", "{471DF520-5284-412F-B9CE-F1ADAF2A2DE5}"
EndProject
Project("{9A19103F-16F7-4668-BE54-9A1E7A4F7556}") = "Compiler.Oscar64.Test", "Test\Compilers\Compiler.Oscar64.Test\Compiler.Oscar64.Test.csproj", "{CD2FCBCD-A2AB-4BEB-B803-2608A131F84E}"
EndProject
Global
	GlobalSection(SolutionConfigurationPlatforms) = preSolution
		Debug|Any CPU = Debug|Any CPU
		Release|Any CPU = Release|Any CPU
	EndGlobalSection
	GlobalSection(ProjectConfigurationPlatforms) = postSolution
		{93BE0838-5D01-41A4-8166-8BB8A685FD8A}.Debug|Any CPU.ActiveCfg = Debug|Any CPU
		{93BE0838-5D01-41A4-8166-8BB8A685FD8A}.Debug|Any CPU.Build.0 = Debug|Any CPU
		{93BE0838-5D01-41A4-8166-8BB8A685FD8A}.Release|Any CPU.ActiveCfg = Release|Any CPU
		{93BE0838-5D01-41A4-8166-8BB8A685FD8A}.Release|Any CPU.Build.0 = Release|Any CPU
		{261DEC40-D65B-4C28-99EA-56D2DF133FBA}.Debug|Any CPU.ActiveCfg = Debug|Any CPU
		{261DEC40-D65B-4C28-99EA-56D2DF133FBA}.Debug|Any CPU.Build.0 = Debug|Any CPU
		{261DEC40-D65B-4C28-99EA-56D2DF133FBA}.Release|Any CPU.ActiveCfg = Release|Any CPU
		{261DEC40-D65B-4C28-99EA-56D2DF133FBA}.Release|Any CPU.Build.0 = Release|Any CPU
		{7A8FE734-BCE2-4610-A663-0DFE2C889953}.Debug|Any CPU.ActiveCfg = Debug|Any CPU
		{7A8FE734-BCE2-4610-A663-0DFE2C889953}.Debug|Any CPU.Build.0 = Debug|Any CPU
		{7A8FE734-BCE2-4610-A663-0DFE2C889953}.Release|Any CPU.ActiveCfg = Release|Any CPU
		{7A8FE734-BCE2-4610-A663-0DFE2C889953}.Release|Any CPU.Build.0 = Release|Any CPU
		{E59150F4-7D9C-43A9-9DA0-FC1AE65C75DA}.Debug|Any CPU.ActiveCfg = Debug|Any CPU
		{E59150F4-7D9C-43A9-9DA0-FC1AE65C75DA}.Debug|Any CPU.Build.0 = Debug|Any CPU
		{E59150F4-7D9C-43A9-9DA0-FC1AE65C75DA}.Release|Any CPU.ActiveCfg = Release|Any CPU
		{E59150F4-7D9C-43A9-9DA0-FC1AE65C75DA}.Release|Any CPU.Build.0 = Release|Any CPU
		{22782E2D-3FA7-47C5-9BC3-A7A971B28C4B}.Debug|Any CPU.ActiveCfg = Debug|Any CPU
		{22782E2D-3FA7-47C5-9BC3-A7A971B28C4B}.Debug|Any CPU.Build.0 = Debug|Any CPU
		{22782E2D-3FA7-47C5-9BC3-A7A971B28C4B}.Release|Any CPU.ActiveCfg = Release|Any CPU
		{22782E2D-3FA7-47C5-9BC3-A7A971B28C4B}.Release|Any CPU.Build.0 = Release|Any CPU
		{ACF16C52-ACE0-471A-92A3-BDD188C9714D}.Debug|Any CPU.ActiveCfg = Debug|Any CPU
		{ACF16C52-ACE0-471A-92A3-BDD188C9714D}.Debug|Any CPU.Build.0 = Debug|Any CPU
		{ACF16C52-ACE0-471A-92A3-BDD188C9714D}.Release|Any CPU.ActiveCfg = Release|Any CPU
		{ACF16C52-ACE0-471A-92A3-BDD188C9714D}.Release|Any CPU.Build.0 = Release|Any CPU
		{C7C0667F-4A72-4934-B149-607AF9E053CA}.Debug|Any CPU.ActiveCfg = Debug|Any CPU
		{C7C0667F-4A72-4934-B149-607AF9E053CA}.Debug|Any CPU.Build.0 = Debug|Any CPU
		{C7C0667F-4A72-4934-B149-607AF9E053CA}.Release|Any CPU.ActiveCfg = Release|Any CPU
		{C7C0667F-4A72-4934-B149-607AF9E053CA}.Release|Any CPU.Build.0 = Release|Any CPU
		{D9CAEC29-BDC1-4175-A1A6-889770D3F19D}.Debug|Any CPU.ActiveCfg = Debug|Any CPU
		{D9CAEC29-BDC1-4175-A1A6-889770D3F19D}.Debug|Any CPU.Build.0 = Debug|Any CPU
		{D9CAEC29-BDC1-4175-A1A6-889770D3F19D}.Release|Any CPU.ActiveCfg = Release|Any CPU
		{D9CAEC29-BDC1-4175-A1A6-889770D3F19D}.Release|Any CPU.Build.0 = Release|Any CPU
		{B56B3676-4074-4A8C-AB67-E28B1053A149}.Debug|Any CPU.ActiveCfg = Debug|Any CPU
		{B56B3676-4074-4A8C-AB67-E28B1053A149}.Debug|Any CPU.Build.0 = Debug|Any CPU
		{B56B3676-4074-4A8C-AB67-E28B1053A149}.Release|Any CPU.ActiveCfg = Release|Any CPU
		{B56B3676-4074-4A8C-AB67-E28B1053A149}.Release|Any CPU.Build.0 = Release|Any CPU
		{1984EA7B-4CE0-47F9-818F-DCD35797ED8B}.Debug|Any CPU.ActiveCfg = Debug|Any CPU
		{1984EA7B-4CE0-47F9-818F-DCD35797ED8B}.Debug|Any CPU.Build.0 = Debug|Any CPU
		{1984EA7B-4CE0-47F9-818F-DCD35797ED8B}.Release|Any CPU.ActiveCfg = Release|Any CPU
		{1984EA7B-4CE0-47F9-818F-DCD35797ED8B}.Release|Any CPU.Build.0 = Release|Any CPU
		{471DF520-5284-412F-B9CE-F1ADAF2A2DE5}.Debug|Any CPU.ActiveCfg = Debug|Any CPU
		{471DF520-5284-412F-B9CE-F1ADAF2A2DE5}.Debug|Any CPU.Build.0 = Debug|Any CPU
		{471DF520-5284-412F-B9CE-F1ADAF2A2DE5}.Release|Any CPU.ActiveCfg = Release|Any CPU
		{471DF520-5284-412F-B9CE-F1ADAF2A2DE5}.Release|Any CPU.Build.0 = Release|Any CPU
		{CD2FCBCD-A2AB-4BEB-B803-2608A131F84E}.Debug|Any CPU.ActiveCfg = Debug|Any CPU
		{CD2FCBCD-A2AB-4BEB-B803-2608A131F84E}.Debug|Any CPU.Build.0 = Debug|Any CPU
		{CD2FCBCD-A2AB-4BEB-B803-2608A131F84E}.Release|Any CPU.ActiveCfg = Release|Any CPU
		{CD2FCBCD-A2AB-4BEB-B803-2608A131F84E}.Release|Any CPU.Build.0 = Release|Any CPU
	EndGlobalSection
	GlobalSection(SolutionProperties) = preSolution
		HideSolutionNode = FALSE
	EndGlobalSection
	GlobalSection(NestedProjects) = preSolution
		{261DEC40-D65B-4C28-99EA-56D2DF133FBA} = {CB9786A7-6B63-4434-A234-BC93974D7B34}
		{22782E2D-3FA7-47C5-9BC3-A7A971B28C4B} = {CB9786A7-6B63-4434-A234-BC93974D7B34}
		{ACF16C52-ACE0-471A-92A3-BDD188C9714D} = {CB9786A7-6B63-4434-A234-BC93974D7B34}
		{C39F1B58-EAB5-40F4-B18C-71A952218C6A} = {CB9786A7-6B63-4434-A234-BC93974D7B34}
		{C7C0667F-4A72-4934-B149-607AF9E053CA} = {FD4F88AD-9D2A-4E28-88EC-69F59FC6F3C8}
		{D9CAEC29-BDC1-4175-A1A6-889770D3F19D} = {C39F1B58-EAB5-40F4-B18C-71A952218C6A}
		{B56B3676-4074-4A8C-AB67-E28B1053A149} = {FD4F88AD-9D2A-4E28-88EC-69F59FC6F3C8}
		{1984EA7B-4CE0-47F9-818F-DCD35797ED8B} = {C39F1B58-EAB5-40F4-B18C-71A952218C6A}
		{471DF520-5284-412F-B9CE-F1ADAF2A2DE5} = {FD4F88AD-9D2A-4E28-88EC-69F59FC6F3C8}
		{CD2FCBCD-A2AB-4BEB-B803-2608A131F84E} = {C39F1B58-EAB5-40F4-B18C-71A952218C6A}
	EndGlobalSection
	GlobalSection(ExtensibilityGlobals) = postSolution
		SolutionGuid = {78BCB63E-7156-40A1-92FB-77484223EE10}
	EndGlobalSection
EndGlobal
