
Microsoft Visual Studio Solution File, Format Version 12.00
# Visual Studio Version 17
VisualStudioVersion = 17.5.33627.172
MinimumVisualStudioVersion = 10.0.40219.1
Project("{FAE04EC0-301F-11D3-BF4B-00C04F79EFBC}") = "Build", "BuildTool\build\Build.csproj", "{90A4D6A0-A669-4DBD-A070-DF44E3CA24FA}"
EndProject
Project("{2150E333-8FDC-42A3-9474-1A3956D46DE8}") = "Solution Items", "Solution Items", "{01EC4808-5CCE-4C38-8C2F-59917646B98C}"
	ProjectSection(SolutionItems) = preProject
		..\build.ps1 = ..\build.ps1
		..\build.sh = ..\build.sh
	EndProjectSection
EndProject
Global
	GlobalSection(SolutionConfigurationPlatforms) = preSolution
		Debug|Any CPU = Debug|Any CPU
		Release|Any CPU = Release|Any CPU
	EndGlobalSection
	GlobalSection(ProjectConfigurationPlatforms) = postSolution
		{90A4D6A0-A669-4DBD-A070-DF44E3CA24FA}.Debug|Any CPU.ActiveCfg = Debug|Any CPU
		{90A4D6A0-A669-4DBD-A070-DF44E3CA24FA}.Debug|Any CPU.Build.0 = Debug|Any CPU
		{90A4D6A0-A669-4DBD-A070-DF44E3CA24FA}.Release|Any CPU.ActiveCfg = Release|Any CPU
		{90A4D6A0-A669-4DBD-A070-DF44E3CA24FA}.Release|Any CPU.Build.0 = Release|Any CPU
	EndGlobalSection
	GlobalSection(SolutionProperties) = preSolution
		HideSolutionNode = FALSE
	EndGlobalSection
	GlobalSection(ExtensibilityGlobals) = postSolution
		SolutionGuid = {F0B87086-1E0E-4E79-AE67-72D52A412A2A}
	EndGlobalSection
EndGlobal
