
Microsoft Visual Studio Solution File, Format Version 12.00
# Visual Studio Version 16
VisualStudioVersion = 16.0.31112.23
MinimumVisualStudioVersion = 10.0.40219.1
Project("{FAE04EC0-301F-11D3-BF4B-00C04F79EFBC}") = "ModernVICEPDBMonitor.Engine", "ModernVICEPDBMonitor.Engine\ModernVICEPDBMonitor.Engine.csproj", "{865C9839-3B74-4FA0-99E9-25082447DC4F}"
EndProject
Project("{FAE04EC0-301F-11D3-BF4B-00C04F79EFBC}") = "ModernVICEPDBMonitor.Playground", "ModernVICEPDBMonitor.Playground\ModernVICEPDBMonitor.Playground.csproj", "{74B1C736-C563-43A4-9214-441A5735B021}"
EndProject
Global
	GlobalSection(SolutionConfigurationPlatforms) = preSolution
		Debug|Any CPU = Debug|Any CPU
		Release|Any CPU = Release|Any CPU
	EndGlobalSection
	GlobalSection(ProjectConfigurationPlatforms) = postSolution
		{865C9839-3B74-4FA0-99E9-25082447DC4F}.Debug|Any CPU.ActiveCfg = Debug|Any CPU
		{865C9839-3B74-4FA0-99E9-25082447DC4F}.Debug|Any CPU.Build.0 = Debug|Any CPU
		{865C9839-3B74-4FA0-99E9-25082447DC4F}.Release|Any CPU.ActiveCfg = Release|Any CPU
		{865C9839-3B74-4FA0-99E9-25082447DC4F}.Release|Any CPU.Build.0 = Release|Any CPU
		{74B1C736-C563-43A4-9214-441A5735B021}.Debug|Any CPU.ActiveCfg = Debug|Any CPU
		{74B1C736-C563-43A4-9214-441A5735B021}.Debug|Any CPU.Build.0 = Debug|Any CPU
		{74B1C736-C563-43A4-9214-441A5735B021}.Release|Any CPU.ActiveCfg = Release|Any CPU
		{74B1C736-C563-43A4-9214-441A5735B021}.Release|Any CPU.Build.0 = Release|Any CPU
	EndGlobalSection
	GlobalSection(SolutionProperties) = preSolution
		HideSolutionNode = FALSE
	EndGlobalSection
	GlobalSection(ExtensibilityGlobals) = postSolution
		SolutionGuid = {ABF49211-E940-4BBA-A347-BF557AC72D4D}
	EndGlobalSection
EndGlobal
